
Microsoft Visual Studio Solution File, Format Version 12.00
# Visual Studio 2015
Project("{FAE04EC0-301F-11D3-BF4B-00C04F79EFBC}") = "SimpleContainer_For_Unity5_3_x", "SimpleContainer_For_Unity5_3_x.csproj", "{991619FD-E7D4-6F6D-97DD-37B019E232F8}"
EndProject
Project("{FAE04EC0-301F-11D3-BF4B-00C04F79EFBC}") = "SimpleContainer_For_Unity5_3_x.Editor", "SimpleContainer_For_Unity5_3_x.Editor.csproj", "{13B49B94-B27F-765D-655F-01FF0720C4BC}"
EndProject
Global
	GlobalSection(SolutionConfigurationPlatforms) = preSolution
		Debug|Any CPU = Debug|Any CPU
		Release|Any CPU = Release|Any CPU
	EndGlobalSection
	GlobalSection(ProjectConfigurationPlatforms) = postSolution
		{991619FD-E7D4-6F6D-97DD-37B019E232F8}.Debug|Any CPU.ActiveCfg = Debug|Any CPU
		{991619FD-E7D4-6F6D-97DD-37B019E232F8}.Debug|Any CPU.Build.0 = Debug|Any CPU
		{991619FD-E7D4-6F6D-97DD-37B019E232F8}.Release|Any CPU.ActiveCfg = Release|Any CPU
		{991619FD-E7D4-6F6D-97DD-37B019E232F8}.Release|Any CPU.Build.0 = Release|Any CPU
		{13B49B94-B27F-765D-655F-01FF0720C4BC}.Debug|Any CPU.ActiveCfg = Debug|Any CPU
		{13B49B94-B27F-765D-655F-01FF0720C4BC}.Debug|Any CPU.Build.0 = Debug|Any CPU
		{13B49B94-B27F-765D-655F-01FF0720C4BC}.Release|Any CPU.ActiveCfg = Release|Any CPU
		{13B49B94-B27F-765D-655F-01FF0720C4BC}.Release|Any CPU.Build.0 = Release|Any CPU
	EndGlobalSection
	GlobalSection(SolutionProperties) = preSolution
		HideSolutionNode = FALSE
	EndGlobalSection
EndGlobal
