
Microsoft Visual Studio Solution File, Format Version 12.00
# Visual Studio 2015
Project("{FAE04EC0-301F-11D3-BF4B-00C04F79EFBC}") = "SimpleContainer_For_Unity5_3_x.CSharp", "SimpleContainer_For_Unity5_3_x.CSharp.csproj", "{3AEE6266-3417-13DA-51BF-5585AC9BBAE4}"
EndProject
Project("{FAE04EC0-301F-11D3-BF4B-00C04F79EFBC}") = "SimpleContainer_For_Unity5_3_x.CSharp.Editor", "SimpleContainer_For_Unity5_3_x.CSharp.Editor.csproj", "{FA80437E-6803-0C8C-9206-D95BDDA234E1}"
EndProject
Global
	GlobalSection(SolutionConfigurationPlatforms) = preSolution
		Debug|Any CPU = Debug|Any CPU
		Release|Any CPU = Release|Any CPU
	EndGlobalSection
	GlobalSection(ProjectConfigurationPlatforms) = postSolution
		{3AEE6266-3417-13DA-51BF-5585AC9BBAE4}.Debug|Any CPU.ActiveCfg = Debug|Any CPU
		{3AEE6266-3417-13DA-51BF-5585AC9BBAE4}.Debug|Any CPU.Build.0 = Debug|Any CPU
		{3AEE6266-3417-13DA-51BF-5585AC9BBAE4}.Release|Any CPU.ActiveCfg = Release|Any CPU
		{3AEE6266-3417-13DA-51BF-5585AC9BBAE4}.Release|Any CPU.Build.0 = Release|Any CPU
		{FA80437E-6803-0C8C-9206-D95BDDA234E1}.Debug|Any CPU.ActiveCfg = Debug|Any CPU
		{FA80437E-6803-0C8C-9206-D95BDDA234E1}.Debug|Any CPU.Build.0 = Debug|Any CPU
		{FA80437E-6803-0C8C-9206-D95BDDA234E1}.Release|Any CPU.ActiveCfg = Release|Any CPU
		{FA80437E-6803-0C8C-9206-D95BDDA234E1}.Release|Any CPU.Build.0 = Release|Any CPU
	EndGlobalSection
	GlobalSection(SolutionProperties) = preSolution
		HideSolutionNode = FALSE
	EndGlobalSection
EndGlobal
